
Microsoft Visual Studio Solution File, Format Version 12.00
# Visual Studio 15
VisualStudioVersion = 15.0.27130.2010
MinimumVisualStudioVersion = 10.0.40219.1
Project("{FAE04EC0-301F-11D3-BF4B-00C04F79EFBC}") = "sdbprof", "sdbprof\sdbprof.csproj", "{8D947BA0-F4D1-4128-AEAC-5DC4186B7CB2}"
EndProject
Global
	GlobalSection(SolutionConfigurationPlatforms) = preSolution
		Debug|Any CPU = Debug|Any CPU
		Release|Any CPU = Release|Any CPU
	EndGlobalSection
	GlobalSection(ProjectConfigurationPlatforms) = postSolution
		{8D947BA0-F4D1-4128-AEAC-5DC4186B7CB2}.Debug|Any CPU.ActiveCfg = Debug|Any CPU
		{8D947BA0-F4D1-4128-AEAC-5DC4186B7CB2}.Debug|Any CPU.Build.0 = Debug|Any CPU
		{8D947BA0-F4D1-4128-AEAC-5DC4186B7CB2}.Release|Any CPU.ActiveCfg = Release|Any CPU
		{8D947BA0-F4D1-4128-AEAC-5DC4186B7CB2}.Release|Any CPU.Build.0 = Release|Any CPU
	EndGlobalSection
	GlobalSection(SolutionProperties) = preSolution
		HideSolutionNode = FALSE
	EndGlobalSection
	GlobalSection(ExtensibilityGlobals) = postSolution
		SolutionGuid = {68B944C4-C7EC-49D8-89F1-495D66678334}
	EndGlobalSection
EndGlobal
